<?xml version="1.0" encoding="UTF-8"?>
<Scheme
   LastUpgradeVersion = "1420"
   version = "1.3">
   <BuildAction
      parallelizeBuildables = "YES"
      buildImplicitDependencies = "YES">
      <BuildActionEntries>
         <BuildActionEntry
            buildForTesting = "YES"
            buildForRunning = "YES"
            buildForProfiling = "YES"
            buildForArchiving = "YES"
            buildForAnalyzing = "YES">
            <BuildableReference
               BuildableIdentifier = "primary"
               BlueprintIdentifier = "1B7ED2BF2976D016006FC7FD"
               BuildableName = "PhotosSnapshot"
               BlueprintName = "PhotosSnapshot"
               ReferencedContainer = "container:PhotosSnapshot.xcodeproj">
            </BuildableReference>
         </BuildActionEntry>
      </BuildActionEntries>
   </BuildAction>
   <TestAction
      buildConfiguration = "Debug"
      selectedDebuggerIdentifier = "Xcode.DebuggerFoundation.Debugger.LLDB"
      selectedLauncherIdentifier = "Xcode.DebuggerFoundation.Launcher.LLDB"
      shouldUseLaunchSchemeArgsEnv = "YES">
      <Testables>
      </Testables>
   </TestAction>
   <LaunchAction
      buildConfiguration = "Debug"
      selectedDebuggerIdentifier = "Xcode.DebuggerFoundation.Debugger.LLDB"
      selectedLauncherIdentifier = "Xcode.DebuggerFoundation.Launcher.LLDB"
      launchStyle = "0"
      useCustomWorkingDirectory = "NO"
      ignoresPersistentStateOnLaunch = "NO"
      debugDocumentVersioning = "YES"
      debugServiceExtension = "internal"
      allowLocationSimulation = "YES"
      viewDebuggingEnabled = "No">
      <BuildableProductRunnable
         runnableDebuggingMode = "0">
         <BuildableReference
            BuildableIdentifier = "primary"
            BlueprintIdentifier = "1B7ED2BF2976D016006FC7FD"
            BuildableName = "PhotosSnapshot"
            BlueprintName = "PhotosSnapshot"
            ReferencedContainer = "container:PhotosSnapshot.xcodeproj">
         </BuildableReference>
      </BuildableProductRunnable>
      <CommandLineArguments>
         <CommandLineArgument
            argument = "/Volumes/Photos/Photos"
            isEnabled = "YES">
         </CommandLineArgument>
         <CommandLineArgument
            argument = "--compare-date 2023-01-21_00-00-00"
            isEnabled = "NO">
         </CommandLineArgument>
         <CommandLineArgument
            argument = "--base RECENT"
            isEnabled = "NO">
         </CommandLineArgument>
         <CommandLineArgument
            argument = "--base 2023-01-24_02-07-57"
            isEnabled = "NO">
         </CommandLineArgument>
         <CommandLineArgument
            argument = "--append"
            isEnabled = "NO">
         </CommandLineArgument>
         <CommandLineArgument
            argument = "--incremental"
            isEnabled = "NO">
         </CommandLineArgument>
         <CommandLineArgument
            argument = "--clone"
            isEnabled = "NO">
         </CommandLineArgument>
         <CommandLineArgument
            argument = "--verify"
            isEnabled = "NO">
         </CommandLineArgument>
         <CommandLineArgument
            argument = "--verbose"
            isEnabled = "NO">
         </CommandLineArgument>
         <CommandLineArgument
            argument = "--dry-run"
            isEnabled = "NO">
         </CommandLineArgument>
         <CommandLineArgument
            argument = "--uuid 2D1DF134-CFC1-4766-B050-1F8949600DA4"
            isEnabled = "NO">
         </CommandLineArgument>
      </CommandLineArguments>
      <EnvironmentVariables>
         <EnvironmentVariable
            key = "FETCH_LIMIT"
            value = "5"
            isEnabled = "YES">
         </EnvironmentVariable>
         <EnvironmentVariable
            key = "MEDIA_TYPES"
            value = "P"
            isEnabled = "NO">
         </EnvironmentVariable>
         <EnvironmentVariable
            key = "DATE_FORMAT"
            value = "yyyy-MM-dd"
            isEnabled = "NO">
         </EnvironmentVariable>
         <EnvironmentVariable
            key = "COMPARE_DATE"
            value = "2023-01-21_00-00-00"
            isEnabled = "NO">
         </EnvironmentVariable>
         <EnvironmentVariable
            key = "DRY_RUN"
            value = ""
            isEnabled = "NO">
         </EnvironmentVariable>
         <EnvironmentVariable
            key = "WARN_EXISTS"
            value = ""
            isEnabled = "NO">
         </EnvironmentVariable>
         <EnvironmentVariable
            key = "LOCAL_ONLY"
            value = ""
            isEnabled = "NO">
         </EnvironmentVariable>
         <EnvironmentVariable
            key = "NO_HIDDEN"
            value = ""
            isEnabled = "NO">
         </EnvironmentVariable>
      </EnvironmentVariables>
   </LaunchAction>
   <ProfileAction
      buildConfiguration = "Release"
      shouldUseLaunchSchemeArgsEnv = "YES"
      savedToolIdentifier = ""
      useCustomWorkingDirectory = "NO"
      debugDocumentVersioning = "YES">
      <BuildableProductRunnable
         runnableDebuggingMode = "0">
         <BuildableReference
            BuildableIdentifier = "primary"
            BlueprintIdentifier = "1B7ED2BF2976D016006FC7FD"
            BuildableName = "PhotosSnapshot"
            BlueprintName = "PhotosSnapshot"
            ReferencedContainer = "container:PhotosSnapshot.xcodeproj">
         </BuildableReference>
      </BuildableProductRunnable>
   </ProfileAction>
   <AnalyzeAction
      buildConfiguration = "Debug">
   </AnalyzeAction>
   <ArchiveAction
      buildConfiguration = "Release"
      revealArchiveInOrganizer = "YES">
   </ArchiveAction>
</Scheme>
